// !$*UTF8*$!
{
	archiveVersion = 1;
	classes = {
	};
	objectVersion = 51;
	objects = {

/* Begin PBXBuildFile section */
		3801B55C23F3FACA0048CE40 /* MovieDetailsViewController.swift in Sources */ = {isa = PBXBuildFile; fileRef = 3801B55B23F3FACA0048CE40 /* MovieDetailsViewController.swift */; };
		380B546B23F6732100346AC7 /* MovieTrailerViewController.swift in Sources */ = {isa = PBXBuildFile; fileRef = 380B546A23F6732100346AC7 /* MovieTrailerViewController.swift */; };
		38B2477F23EDEFB70069C117 /* AppDelegate.swift in Sources */ = {isa = PBXBuildFile; fileRef = 38B2477E23EDEFB70069C117 /* AppDelegate.swift */; };
		38B2478123EDEFB70069C117 /* SceneDelegate.swift in Sources */ = {isa = PBXBuildFile; fileRef = 38B2478023EDEFB70069C117 /* SceneDelegate.swift */; };
		38B2478623EDEFB70069C117 /* Main.storyboard in Resources */ = {isa = PBXBuildFile; fileRef = 38B2478423EDEFB70069C117 /* Main.storyboard */; };
		38B2478823EDEFB80069C117 /* Assets.xcassets in Resources */ = {isa = PBXBuildFile; fileRef = 38B2478723EDEFB80069C117 /* Assets.xcassets */; };
		38B2478B23EDEFB80069C117 /* LaunchScreen.storyboard in Resources */ = {isa = PBXBuildFile; fileRef = 38B2478923EDEFB80069C117 /* LaunchScreen.storyboard */; };
		38B2479323EDF05F0069C117 /* MoviesViewController.swift in Sources */ = {isa = PBXBuildFile; fileRef = 38B2479223EDF05F0069C117 /* MoviesViewController.swift */; };
		38B2479523EDF8C20069C117 /* MovieCell.swift in Sources */ = {isa = PBXBuildFile; fileRef = 38B2479423EDF8C20069C117 /* MovieCell.swift */; };
		38DCF60B23F507FF0019B32E /* UpcomingViewController.swift in Sources */ = {isa = PBXBuildFile; fileRef = 38DCF60A23F507FF0019B32E /* UpcomingViewController.swift */; };
		38DCF60D23F513FC0019B32E /* MovieGridCell.swift in Sources */ = {isa = PBXBuildFile; fileRef = 38DCF60C23F513FC0019B32E /* MovieGridCell.swift */; };
		AE673A7AF7332B1A54861CFC /* Pods_bhaiFlix.framework in Frameworks */ = {isa = PBXBuildFile; fileRef = B04EFD31A29528741E4C0114 /* Pods_bhaiFlix.framework */; };
/* End PBXBuildFile section */

/* Begin PBXFileReference section */
		33CE6DC4AE9D1BA072EF32B3 /* Pods-bhaiFlix.release.xcconfig */ = {isa = PBXFileReference; includeInIndex = 1; lastKnownFileType = text.xcconfig; name = "Pods-bhaiFlix.release.xcconfig"; path = "Target Support Files/Pods-bhaiFlix/Pods-bhaiFlix.release.xcconfig"; sourceTree = "<group>"; };
		3801B55B23F3FACA0048CE40 /* MovieDetailsViewController.swift */ = {isa = PBXFileReference; lastKnownFileType = sourcecode.swift; path = MovieDetailsViewController.swift; sourceTree = "<group>"; };
		380B546A23F6732100346AC7 /* MovieTrailerViewController.swift */ = {isa = PBXFileReference; lastKnownFileType = sourcecode.swift; path = MovieTrailerViewController.swift; sourceTree = "<group>"; };
		38B2477B23EDEFB70069C117 /* bhaiFlix.app */ = {isa = PBXFileReference; explicitFileType = wrapper.application; includeInIndex = 0; path = bhaiFlix.app; sourceTree = BUILT_PRODUCTS_DIR; };
		38B2477E23EDEFB70069C117 /* AppDelegate.swift */ = {isa = PBXFileReference; lastKnownFileType = sourcecode.swift; path = AppDelegate.swift; sourceTree = "<group>"; };
		38B2478023EDEFB70069C117 /* SceneDelegate.swift */ = {isa = PBXFileReference; lastKnownFileType = sourcecode.swift; path = SceneDelegate.swift; sourceTree = "<group>"; };
		38B2478523EDEFB70069C117 /* Base */ = {isa = PBXFileReference; lastKnownFileType = file.storyboard; name = Base; path = Base.lproj/Main.storyboard; sourceTree = "<group>"; };
		38B2478723EDEFB80069C117 /* Assets.xcassets */ = {isa = PBXFileReference; lastKnownFileType = folder.assetcatalog; path = Assets.xcassets; sourceTree = "<group>"; };
		38B2478A23EDEFB80069C117 /* Base */ = {isa = PBXFileReference; lastKnownFileType = file.storyboard; name = Base; path = Base.lproj/LaunchScreen.storyboard; sourceTree = "<group>"; };
		38B2478C23EDEFB80069C117 /* Info.plist */ = {isa = PBXFileReference; lastKnownFileType = text.plist.xml; path = Info.plist; sourceTree = "<group>"; };
		38B2479223EDF05F0069C117 /* MoviesViewController.swift */ = {isa = PBXFileReference; lastKnownFileType = sourcecode.swift; path = MoviesViewController.swift; sourceTree = "<group>"; };
		38B2479423EDF8C20069C117 /* MovieCell.swift */ = {isa = PBXFileReference; lastKnownFileType = sourcecode.swift; path = MovieCell.swift; sourceTree = "<group>"; };
		38DCF60A23F507FF0019B32E /* UpcomingViewController.swift */ = {isa = PBXFileReference; lastKnownFileType = sourcecode.swift; path = UpcomingViewController.swift; sourceTree = "<group>"; };
		38DCF60C23F513FC0019B32E /* MovieGridCell.swift */ = {isa = PBXFileReference; lastKnownFileType = sourcecode.swift; path = MovieGridCell.swift; sourceTree = "<group>"; };
		B04EFD31A29528741E4C0114 /* Pods_bhaiFlix.framework */ = {isa = PBXFileReference; explicitFileType = wrapper.framework; includeInIndex = 0; path = Pods_bhaiFlix.framework; sourceTree = BUILT_PRODUCTS_DIR; };
		E8CDF1FBABA7939ECC35F801 /* Pods-bhaiFlix.debug.xcconfig */ = {isa = PBXFileReference; includeInIndex = 1; lastKnownFileType = text.xcconfig; name = "Pods-bhaiFlix.debug.xcconfig"; path = "Target Support Files/Pods-bhaiFlix/Pods-bhaiFlix.debug.xcconfig"; sourceTree = "<group>"; };
/* End PBXFileReference section */

/* Begin PBXFrameworksBuildPhase section */
		38B2477823EDEFB70069C117 /* Frameworks */ = {
			isa = PBXFrameworksBuildPhase;
			buildActionMask = 2147483647;
			files = (
				AE673A7AF7332B1A54861CFC /* Pods_bhaiFlix.framework in Frameworks */,
			);
			runOnlyForDeploymentPostprocessing = 0;
		};
/* End PBXFrameworksBuildPhase section */

/* Begin PBXGroup section */
		389010A42408B35A003EDD27 /* View Controllers */ = {
			isa = PBXGroup;
			children = (
				38B2479223EDF05F0069C117 /* MoviesViewController.swift */,
				38DCF60A23F507FF0019B32E /* UpcomingViewController.swift */,
				3801B55B23F3FACA0048CE40 /* MovieDetailsViewController.swift */,
				380B546A23F6732100346AC7 /* MovieTrailerViewController.swift */,
			);
			path = "View Controllers";
			sourceTree = "<group>";
		};
		389010A52408B3A2003EDD27 /* Prototype Cell Models */ = {
			isa = PBXGroup;
			children = (
				38B2479423EDF8C20069C117 /* MovieCell.swift */,
				38DCF60C23F513FC0019B32E /* MovieGridCell.swift */,
			);
			path = "Prototype Cell Models";
			sourceTree = "<group>";
		};
		38B2477223EDEFB70069C117 = {
			isa = PBXGroup;
			children = (
				38B2477D23EDEFB70069C117 /* bhaiFlix */,
				38B2477C23EDEFB70069C117 /* Products */,
				9D6D6CB015F26182EE1E086E /* Pods */,
				823273FF96C809FA81879E3B /* Frameworks */,
			);
			sourceTree = "<group>";
		};
		38B2477C23EDEFB70069C117 /* Products */ = {
			isa = PBXGroup;
			children = (
				38B2477B23EDEFB70069C117 /* bhaiFlix.app */,
			);
			name = Products;
			sourceTree = "<group>";
		};
		38B2477D23EDEFB70069C117 /* bhaiFlix */ = {
			isa = PBXGroup;
			children = (
				38B2477E23EDEFB70069C117 /* AppDelegate.swift */,
				38B2478023EDEFB70069C117 /* SceneDelegate.swift */,
				389010A42408B35A003EDD27 /* View Controllers */,
				389010A52408B3A2003EDD27 /* Prototype Cell Models */,
				38B2478423EDEFB70069C117 /* Main.storyboard */,
				38B2478723EDEFB80069C117 /* Assets.xcassets */,
				38B2478923EDEFB80069C117 /* LaunchScreen.storyboard */,
				38B2478C23EDEFB80069C117 /* Info.plist */,
			);
			path = bhaiFlix;
			sourceTree = "<group>";
		};
		823273FF96C809FA81879E3B /* Frameworks */ = {
			isa = PBXGroup;
			children = (
				B04EFD31A29528741E4C0114 /* Pods_bhaiFlix.framework */,
			);
			name = Frameworks;
			sourceTree = "<group>";
		};
		9D6D6CB015F26182EE1E086E /* Pods */ = {
			isa = PBXGroup;
			children = (
				E8CDF1FBABA7939ECC35F801 /* Pods-bhaiFlix.debug.xcconfig */,
				33CE6DC4AE9D1BA072EF32B3 /* Pods-bhaiFlix.release.xcconfig */,
			);
			path = Pods;
			sourceTree = "<group>";
		};
/* End PBXGroup section */

/* Begin PBXNativeTarget section */
		38B2477A23EDEFB70069C117 /* bhaiFlix */ = {
			isa = PBXNativeTarget;
			buildConfigurationList = 38B2478F23EDEFB80069C117 /* Build configuration list for PBXNativeTarget "bhaiFlix" */;
			buildPhases = (
				332F9E8CE990E64529A86691 /* [CP] Check Pods Manifest.lock */,
				38B2477723EDEFB70069C117 /* Sources */,
				38B2477823EDEFB70069C117 /* Frameworks */,
				38B2477923EDEFB70069C117 /* Resources */,
				19A3A2880F553487F1BB049A /* [CP] Embed Pods Frameworks */,
			);
			buildRules = (
			);
			dependencies = (
			);
			name = bhaiFlix;
			productName = bhaiFlix;
			productReference = 38B2477B23EDEFB70069C117 /* bhaiFlix.app */;
			productType = "com.apple.product-type.application";
		};
/* End PBXNativeTarget section */

/* Begin PBXProject section */
		38B2477323EDEFB70069C117 /* Project object */ = {
			isa = PBXProject;
			attributes = {
				LastSwiftUpdateCheck = 1130;
				LastUpgradeCheck = 1130;
				ORGANIZATIONNAME = "Tech Knowns";
				TargetAttributes = {
					38B2477A23EDEFB70069C117 = {
						CreatedOnToolsVersion = 11.3.1;
					};
				};
			};
			buildConfigurationList = 38B2477623EDEFB70069C117 /* Build configuration list for PBXProject "bhaiFlix" */;
			compatibilityVersion = "Xcode 9.3";
			developmentRegion = en;
			hasScannedForEncodings = 0;
			knownRegions = (
				en,
				Base,
			);
			mainGroup = 38B2477223EDEFB70069C117;
			productRefGroup = 38B2477C23EDEFB70069C117 /* Products */;
			projectDirPath = "";
			projectRoot = "";
			targets = (
				38B2477A23EDEFB70069C117 /* bhaiFlix */,
			);
		};
/* End PBXProject section */

/* Begin PBXResourcesBuildPhase section */
		38B2477923EDEFB70069C117 /* Resources */ = {
			isa = PBXResourcesBuildPhase;
			buildActionMask = 2147483647;
			files = (
				38B2478B23EDEFB80069C117 /* LaunchScreen.storyboard in Resources */,
				38B2478823EDEFB80069C117 /* Assets.xcassets in Resources */,
				38B2478623EDEFB70069C117 /* Main.storyboard in Resources */,
			);
			runOnlyForDeploymentPostprocessing = 0;
		};
/* End PBXResourcesBuildPhase section */

/* Begin PBXShellScriptBuildPhase section */
		19A3A2880F553487F1BB049A /* [CP] Embed Pods Frameworks */ = {
			isa = PBXShellScriptBuildPhase;
			buildActionMask = 2147483647;
			files = (
			);
			inputFileListPaths = (
				"${PODS_ROOT}/Target Support Files/Pods-bhaiFlix/Pods-bhaiFlix-frameworks-${CONFIGURATION}-input-files.xcfilelist",
			);
			name = "[CP] Embed Pods Frameworks";
			outputFileListPaths = (
				"${PODS_ROOT}/Target Support Files/Pods-bhaiFlix/Pods-bhaiFlix-frameworks-${CONFIGURATION}-output-files.xcfilelist",
			);
			runOnlyForDeploymentPostprocessing = 0;
			shellPath = /bin/sh;
			shellScript = "\"${PODS_ROOT}/Target Support Files/Pods-bhaiFlix/Pods-bhaiFlix-frameworks.sh\"\n";
			showEnvVarsInLog = 0;
		};
		332F9E8CE990E64529A86691 /* [CP] Check Pods Manifest.lock */ = {
			isa = PBXShellScriptBuildPhase;
			buildActionMask = 2147483647;
			files = (
			);
			inputFileListPaths = (
			);
			inputPaths = (
				"${PODS_PODFILE_DIR_PATH}/Podfile.lock",
				"${PODS_ROOT}/Manifest.lock",
			);
			name = "[CP] Check Pods Manifest.lock";
			outputFileListPaths = (
			);
			outputPaths = (
				"$(DERIVED_FILE_DIR)/Pods-bhaiFlix-checkManifestLockResult.txt",
			);
			runOnlyForDeploymentPostprocessing = 0;
			shellPath = /bin/sh;
			shellScript = "diff \"${PODS_PODFILE_DIR_PATH}/Podfile.lock\" \"${PODS_ROOT}/Manifest.lock\" > /dev/null\nif [ $? != 0 ] ; then\n    # print error to STDERR\n    echo \"error: The sandbox is not in sync with the Podfile.lock. Run 'pod install' or update your CocoaPods installation.\" >&2\n    exit 1\nfi\n# This output is used by Xcode 'outputs' to avoid re-running this script phase.\necho \"SUCCESS\" > \"${SCRIPT_OUTPUT_FILE_0}\"\n";
			showEnvVarsInLog = 0;
		};
/* End PBXShellScriptBuildPhase section */

/* Begin PBXSourcesBuildPhase section */
		38B2477723EDEFB70069C117 /* Sources */ = {
			isa = PBXSourcesBuildPhase;
			buildActionMask = 2147483647;
			files = (
				38DCF60B23F507FF0019B32E /* UpcomingViewController.swift in Sources */,
				3801B55C23F3FACA0048CE40 /* MovieDetailsViewController.swift in Sources */,
				38B2477F23EDEFB70069C117 /* AppDelegate.swift in Sources */,
				38B2478123EDEFB70069C117 /* SceneDelegate.swift in Sources */,
				38B2479523EDF8C20069C117 /* MovieCell.swift in Sources */,
				380B546B23F6732100346AC7 /* MovieTrailerViewController.swift in Sources */,
				38B2479323EDF05F0069C117 /* MoviesViewController.swift in Sources */,
				38DCF60D23F513FC0019B32E /* MovieGridCell.swift in Sources */,
			);
			runOnlyForDeploymentPostprocessing = 0;
		};
/* End PBXSourcesBuildPhase section */

/* Begin PBXVariantGroup section */
		38B2478423EDEFB70069C117 /* Main.storyboard */ = {
			isa = PBXVariantGroup;
			children = (
				38B2478523EDEFB70069C117 /* Base */,
			);
			name = Main.storyboard;
			sourceTree = "<group>";
		};
		38B2478923EDEFB80069C117 /* LaunchScreen.storyboard */ = {
			isa = PBXVariantGroup;
			children = (
				38B2478A23EDEFB80069C117 /* Base */,
			);
			name = LaunchScreen.storyboard;
			sourceTree = "<group>";
		};
/* End PBXVariantGroup section */

/* Begin XCBuildConfiguration section */
		38B2478D23EDEFB80069C117 /* Debug */ = {
			isa = XCBuildConfiguration;
			buildSettings = {
				ALWAYS_SEARCH_USER_PATHS = NO;
				CLANG_ANALYZER_NONNULL = YES;
				CLANG_ANALYZER_NUMBER_OBJECT_CONVERSION = YES_AGGRESSIVE;
				CLANG_CXX_LANGUAGE_STANDARD = "gnu++14";
				CLANG_CXX_LIBRARY = "libc++";
				CLANG_ENABLE_MODULES = YES;
				CLANG_ENABLE_OBJC_ARC = YES;
				CLANG_ENABLE_OBJC_WEAK = YES;
				CLANG_WARN_BLOCK_CAPTURE_AUTORELEASING = YES;
				CLANG_WARN_BOOL_CONVERSION = YES;
				CLANG_WARN_COMMA = YES;
				CLANG_WARN_CONSTANT_CONVERSION = YES;
				CLANG_WARN_DEPRECATED_OBJC_IMPLEMENTATIONS = YES;
				CLANG_WARN_DIRECT_OBJC_ISA_USAGE = YES_ERROR;
				CLANG_WARN_DOCUMENTATION_COMMENTS = YES;
				CLANG_WARN_EMPTY_BODY = YES;
				CLANG_WARN_ENUM_CONVERSION = YES;
				CLANG_WARN_INFINITE_RECURSION = YES;
				CLANG_WARN_INT_CONVERSION = YES;
				CLANG_WARN_NON_LITERAL_NULL_CONVERSION = YES;
				CLANG_WARN_OBJC_IMPLICIT_RETAIN_SELF = YES;
				CLANG_WARN_OBJC_LITERAL_CONVERSION = YES;
				CLANG_WARN_OBJC_ROOT_CLASS = YES_ERROR;
				CLANG_WARN_RANGE_LOOP_ANALYSIS = YES;
				CLANG_WARN_STRICT_PROTOTYPES = YES;
				CLANG_WARN_SUSPICIOUS_MOVE = YES;
				CLANG_WARN_UNGUARDED_AVAILABILITY = YES_AGGRESSIVE;
				CLANG_WARN_UNREACHABLE_CODE = YES;
				CLANG_WARN__DUPLICATE_METHOD_MATCH = YES;
				COPY_PHASE_STRIP = NO;
				DEBUG_INFORMATION_FORMAT = dwarf;
				ENABLE_STRICT_OBJC_MSGSEND = YES;
				ENABLE_TESTABILITY = YES;
				GCC_C_LANGUAGE_STANDARD = gnu11;
				GCC_DYNAMIC_NO_PIC = NO;
				GCC_NO_COMMON_BLOCKS = YES;
				GCC_OPTIMIZATION_LEVEL = 0;
				GCC_PREPROCESSOR_DEFINITIONS = (
					"DEBUG=1",
					"$(inherited)",
				);
				GCC_WARN_64_TO_32_BIT_CONVERSION = YES;
				GCC_WARN_ABOUT_RETURN_TYPE = YES_ERROR;
				GCC_WARN_UNDECLARED_SELECTOR = YES;
				GCC_WARN_UNINITIALIZED_AUTOS = YES_AGGRESSIVE;
				GCC_WARN_UNUSED_FUNCTION = YES;
				GCC_WARN_UNUSED_VARIABLE = YES;
				IPHONEOS_DEPLOYMENT_TARGET = 13.2;
				MTL_ENABLE_DEBUG_INFO = INCLUDE_SOURCE;
				MTL_FAST_MATH = YES;
				ONLY_ACTIVE_ARCH = YES;
				SDKROOT = iphoneos;
				SWIFT_ACTIVE_COMPILATION_CONDITIONS = DEBUG;
				SWIFT_OPTIMIZATION_LEVEL = "-Onone";
			};
			name = Debug;
		};
		38B2478E23EDEFB80069C117 /* Release */ = {
			isa = XCBuildConfiguration;
			buildSettings = {
				ALWAYS_SEARCH_USER_PATHS = NO;
				CLANG_ANALYZER_NONNULL = YES;
				CLANG_ANALYZER_NUMBER_OBJECT_CONVERSION = YES_AGGRESSIVE;
				CLANG_CXX_LANGUAGE_STANDARD = "gnu++14";
				CLANG_CXX_LIBRARY = "libc++";
				CLANG_ENABLE_MODULES = YES;
				CLANG_ENABLE_OBJC_ARC = YES;
				CLANG_ENABLE_OBJC_WEAK = YES;
				CLANG_WARN_BLOCK_CAPTURE_AUTORELEASING = YES;
				CLANG_WARN_BOOL_CONVERSION = YES;
				CLANG_WARN_COMMA = YES;
				CLANG_WARN_CONSTANT_CONVERSION = YES;
				CLANG_WARN_DEPRECATED_OBJC_IMPLEMENTATIONS = YES;
				CLANG_WARN_DIRECT_OBJC_ISA_USAGE = YES_ERROR;
				CLANG_WARN_DOCUMENTATION_COMMENTS = YES;
				CLANG_WARN_EMPTY_BODY = YES;
				CLANG_WARN_ENUM_CONVERSION = YES;
				CLANG_WARN_INFINITE_RECURSION = YES;
				CLANG_WARN_INT_CONVERSION = YES;
				CLANG_WARN_NON_LITERAL_NULL_CONVERSION = YES;
				CLANG_WARN_OBJC_IMPLICIT_RETAIN_SELF = YES;
				CLANG_WARN_OBJC_LITERAL_CONVERSION = YES;
				CLANG_WARN_OBJC_ROOT_CLASS = YES_ERROR;
				CLANG_WARN_RANGE_LOOP_ANALYSIS = YES;
				CLANG_WARN_STRICT_PROTOTYPES = YES;
				CLANG_WARN_SUSPICIOUS_MOVE = YES;
				CLANG_WARN_UNGUARDED_AVAILABILITY = YES_AGGRESSIVE;
				CLANG_WARN_UNREACHABLE_CODE = YES;
				CLANG_WARN__DUPLICATE_METHOD_MATCH = YES;
				COPY_PHASE_STRIP = NO;
				DEBUG_INFORMATION_FORMAT = "dwarf-with-dsym";
				ENABLE_NS_ASSERTIONS = NO;
				ENABLE_STRICT_OBJC_MSGSEND = YES;
				GCC_C_LANGUAGE_STANDARD = gnu11;
				GCC_NO_COMMON_BLOCKS = YES;
				GCC_WARN_64_TO_32_BIT_CONVERSION = YES;
				GCC_WARN_ABOUT_RETURN_TYPE = YES_ERROR;
				GCC_WARN_UNDECLARED_SELECTOR = YES;
				GCC_WARN_UNINITIALIZED_AUTOS = YES_AGGRESSIVE;
				GCC_WARN_UNUSED_FUNCTION = YES;
				GCC_WARN_UNUSED_VARIABLE = YES;
				IPHONEOS_DEPLOYMENT_TARGET = 13.2;
				MTL_ENABLE_DEBUG_INFO = NO;
				MTL_FAST_MATH = YES;
				SDKROOT = iphoneos;
				SWIFT_COMPILATION_MODE = wholemodule;
				SWIFT_OPTIMIZATION_LEVEL = "-O";
				VALIDATE_PRODUCT = YES;
			};
			name = Release;
		};
		38B2479023EDEFB80069C117 /* Debug */ = {
			isa = XCBuildConfiguration;
			baseConfigurationReference = E8CDF1FBABA7939ECC35F801 /* Pods-bhaiFlix.debug.xcconfig */;
			buildSettings = {
				ASSETCATALOG_COMPILER_APPICON_NAME = AppIcon;
				CODE_SIGN_STYLE = Automatic;
				DEVELOPMENT_TEAM = U3DVJPKCSY;
				INFOPLIST_FILE = bhaiFlix/Info.plist;
				LD_RUNPATH_SEARCH_PATHS = (
					"$(inherited)",
					"@executable_path/Frameworks",
				);
				PRODUCT_BUNDLE_IDENTIFIER = com.techknowns.bhaiFlix;
				PRODUCT_NAME = "$(TARGET_NAME)";
				SWIFT_VERSION = 5.0;
				TARGETED_DEVICE_FAMILY = "1,2";
			};
			name = Debug;
		};
		38B2479123EDEFB80069C117 /* Release */ = {
			isa = XCBuildConfiguration;
			baseConfigurationReference = 33CE6DC4AE9D1BA072EF32B3 /* Pods-bhaiFlix.release.xcconfig */;
			buildSettings = {
				ASSETCATALOG_COMPILER_APPICON_NAME = AppIcon;
				CODE_SIGN_STYLE = Automatic;
				DEVELOPMENT_TEAM = U3DVJPKCSY;
				INFOPLIST_FILE = bhaiFlix/Info.plist;
				LD_RUNPATH_SEARCH_PATHS = (
					"$(inherited)",
					"@executable_path/Frameworks",
				);
				PRODUCT_BUNDLE_IDENTIFIER = com.techknowns.bhaiFlix;
				PRODUCT_NAME = "$(TARGET_NAME)";
				SWIFT_VERSION = 5.0;
				TARGETED_DEVICE_FAMILY = "1,2";
			};
			name = Release;
		};
/* End XCBuildConfiguration section */

/* Begin XCConfigurationList section */
		38B2477623EDEFB70069C117 /* Build configuration list for PBXProject "bhaiFlix" */ = {
			isa = XCConfigurationList;
			buildConfigurations = (
				38B2478D23EDEFB80069C117 /* Debug */,
				38B2478E23EDEFB80069C117 /* Release */,
			);
			defaultConfigurationIsVisible = 0;
			defaultConfigurationName = Release;
		};
		38B2478F23EDEFB80069C117 /* Build configuration list for PBXNativeTarget "bhaiFlix" */ = {
			isa = XCConfigurationList;
			buildConfigurations = (
				38B2479023EDEFB80069C117 /* Debug */,
				38B2479123EDEFB80069C117 /* Release */,
			);
			defaultConfigurationIsVisible = 0;
			defaultConfigurationName = Release;
		};
/* End XCConfigurationList section */
	};
	rootObject = 38B2477323EDEFB70069C117 /* Project object */;
}
